
Microsoft Visual Studio Solution File, Format Version 12.00
# Visual Studio Version 18
VisualStudioVersion = 18.0.11205.157
MinimumVisualStudioVersion = 10.0.40219.1
Project("{FAE04EC0-301F-11D3-BF4B-00C04F79EFBC}") = "Mineral.Language", "Mineral.Language\Mineral.Language.csproj", "{EFFB7E06-DCA9-4D92-A79C-399B59D5FFCD}"
EndProject
Project("{FAE04EC0-301F-11D3-BF4B-00C04F79EFBC}") = "X86_64Assembler", "..\x86-64Assembler\X86_64Assembler\X86_64Assembler.csproj", "{1FD48671-A308-CE25-A5FB-70272E680989}"
EndProject
Global
	GlobalSection(SolutionConfigurationPlatforms) = preSolution
		Debug|Any CPU = Debug|Any CPU
		Release|Any CPU = Release|Any CPU
	EndGlobalSection
	GlobalSection(ProjectConfigurationPlatforms) = postSolution
		{EFFB7E06-DCA9-4D92-A79C-399B59D5FFCD}.Debug|Any CPU.ActiveCfg = Debug|Any CPU
		{EFFB7E06-DCA9-4D92-A79C-399B59D5FFCD}.Debug|Any CPU.Build.0 = Debug|Any CPU
		{EFFB7E06-DCA9-4D92-A79C-399B59D5FFCD}.Release|Any CPU.ActiveCfg = Release|Any CPU
		{EFFB7E06-DCA9-4D92-A79C-399B59D5FFCD}.Release|Any CPU.Build.0 = Release|Any CPU
		{1FD48671-A308-CE25-A5FB-70272E680989}.Debug|Any CPU.ActiveCfg = Debug|Any CPU
		{1FD48671-A308-CE25-A5FB-70272E680989}.Debug|Any CPU.Build.0 = Debug|Any CPU
		{1FD48671-A308-CE25-A5FB-70272E680989}.Release|Any CPU.ActiveCfg = Release|Any CPU
		{1FD48671-A308-CE25-A5FB-70272E680989}.Release|Any CPU.Build.0 = Release|Any CPU
	EndGlobalSection
	GlobalSection(SolutionProperties) = preSolution
		HideSolutionNode = FALSE
	EndGlobalSection
	GlobalSection(ExtensibilityGlobals) = postSolution
		SolutionGuid = {5F74F6D8-B425-4757-A3F8-EBA555D1E6F8}
	EndGlobalSection
EndGlobal
